
Microsoft Visual Studio Solution File, Format Version 12.00
# Visual Studio Version 16
VisualStudioVersion = 16.0.29306.81
MinimumVisualStudioVersion = 10.0.40219.1
Project("{FAE04EC0-301F-11D3-BF4B-00C04F79EFBC}") = "Student_Library", "Student_Library\Student_Library.csproj", "{D388D638-A4B5-4C28-BFD5-95912C1EDD8D}"
EndProject
Global
	GlobalSection(SolutionConfigurationPlatforms) = preSolution
		Debug|Any CPU = Debug|Any CPU
		Release|Any CPU = Release|Any CPU
	EndGlobalSection
	GlobalSection(ProjectConfigurationPlatforms) = postSolution
		{D388D638-A4B5-4C28-BFD5-95912C1EDD8D}.Debug|Any CPU.ActiveCfg = Debug|Any CPU
		{D388D638-A4B5-4C28-BFD5-95912C1EDD8D}.Debug|Any CPU.Build.0 = Debug|Any CPU
		{D388D638-A4B5-4C28-BFD5-95912C1EDD8D}.Release|Any CPU.ActiveCfg = Release|Any CPU
		{D388D638-A4B5-4C28-BFD5-95912C1EDD8D}.Release|Any CPU.Build.0 = Release|Any CPU
	EndGlobalSection
	GlobalSection(SolutionProperties) = preSolution
		HideSolutionNode = FALSE
	EndGlobalSection
	GlobalSection(ExtensibilityGlobals) = postSolution
		SolutionGuid = {5EBA843D-0944-4A7B-BEEC-89FD9160F661}
	EndGlobalSection
EndGlobal
