
Microsoft Visual Studio Solution File, Format Version 12.00
# Visual Studio Version 16
VisualStudioVersion = 16.0.29306.81
MinimumVisualStudioVersion = 10.0.40219.1
Project("{FAE04EC0-301F-11D3-BF4B-00C04F79EFBC}") = "DBGUI", "DBGUI\DBGUI.csproj", "{54D1AB61-9E1A-48F2-A63D-BF80331E3A33}"
EndProject
Global
	GlobalSection(SolutionConfigurationPlatforms) = preSolution
		Debug|Any CPU = Debug|Any CPU
		Release|Any CPU = Release|Any CPU
	EndGlobalSection
	GlobalSection(ProjectConfigurationPlatforms) = postSolution
		{54D1AB61-9E1A-48F2-A63D-BF80331E3A33}.Debug|Any CPU.ActiveCfg = Debug|Any CPU
		{54D1AB61-9E1A-48F2-A63D-BF80331E3A33}.Debug|Any CPU.Build.0 = Debug|Any CPU
		{54D1AB61-9E1A-48F2-A63D-BF80331E3A33}.Release|Any CPU.ActiveCfg = Release|Any CPU
		{54D1AB61-9E1A-48F2-A63D-BF80331E3A33}.Release|Any CPU.Build.0 = Release|Any CPU
	EndGlobalSection
	GlobalSection(SolutionProperties) = preSolution
		HideSolutionNode = FALSE
	EndGlobalSection
	GlobalSection(ExtensibilityGlobals) = postSolution
		SolutionGuid = {D6EACE25-B981-4A62-86A7-19D914E390A1}
	EndGlobalSection
EndGlobal
