
Microsoft Visual Studio Solution File, Format Version 12.00
# Visual Studio Version 16
VisualStudioVersion = 16.0.29306.81
MinimumVisualStudioVersion = 10.0.40219.1
Project("{FAE04EC0-301F-11D3-BF4B-00C04F79EFBC}") = "Th2", "Th2\Th2.csproj", "{AEC05894-C62B-4B72-9B52-8D73AE28BED0}"
EndProject
Global
	GlobalSection(SolutionConfigurationPlatforms) = preSolution
		Debug|Any CPU = Debug|Any CPU
		Release|Any CPU = Release|Any CPU
	EndGlobalSection
	GlobalSection(ProjectConfigurationPlatforms) = postSolution
		{AEC05894-C62B-4B72-9B52-8D73AE28BED0}.Debug|Any CPU.ActiveCfg = Debug|Any CPU
		{AEC05894-C62B-4B72-9B52-8D73AE28BED0}.Debug|Any CPU.Build.0 = Debug|Any CPU
		{AEC05894-C62B-4B72-9B52-8D73AE28BED0}.Release|Any CPU.ActiveCfg = Release|Any CPU
		{AEC05894-C62B-4B72-9B52-8D73AE28BED0}.Release|Any CPU.Build.0 = Release|Any CPU
	EndGlobalSection
	GlobalSection(SolutionProperties) = preSolution
		HideSolutionNode = FALSE
	EndGlobalSection
	GlobalSection(ExtensibilityGlobals) = postSolution
		SolutionGuid = {616C125B-5A00-40B3-AA3D-657108FC98E5}
	EndGlobalSection
EndGlobal
